
Microsoft Visual Studio Solution File, Format Version 12.00
# Visual Studio 15
VisualStudioVersion = 15.0.26730.3
MinimumVisualStudioVersion = 10.0.40219.1
Project("{FAE04EC0-301F-11D3-BF4B-00C04F79EFBC}") = "MotionBlurSimulator", "MotionBlurSimulator\MotionBlurSimulator.csproj", "{3588BDD6-F846-4C60-A6B4-A6A15F3FD4FA}"
EndProject
Project("{54435603-DBB4-11D2-8724-00A0C9A8B90C}") = "MotionBlurSimulator_Installer", "MotionBlurSimulator_Installer\MotionBlurSimulator_Installer.vdproj", "{9465CA04-9259-46C1-B6B0-0138F1E89B9D}"
EndProject
Global
	GlobalSection(SolutionConfigurationPlatforms) = preSolution
		Debug|Any CPU = Debug|Any CPU
		Debug|x64 = Debug|x64
		Debug|x86 = Debug|x86
		DefaultBuild|Any CPU = DefaultBuild|Any CPU
		DefaultBuild|x64 = DefaultBuild|x64
		DefaultBuild|x86 = DefaultBuild|x86
		Release|Any CPU = Release|Any CPU
		Release|x64 = Release|x64
		Release|x86 = Release|x86
	EndGlobalSection
	GlobalSection(ProjectConfigurationPlatforms) = postSolution
		{3588BDD6-F846-4C60-A6B4-A6A15F3FD4FA}.Debug|Any CPU.ActiveCfg = Debug|Any CPU
		{3588BDD6-F846-4C60-A6B4-A6A15F3FD4FA}.Debug|Any CPU.Build.0 = Debug|Any CPU
		{3588BDD6-F846-4C60-A6B4-A6A15F3FD4FA}.Debug|x64.ActiveCfg = Debug|x64
		{3588BDD6-F846-4C60-A6B4-A6A15F3FD4FA}.Debug|x64.Build.0 = Debug|x64
		{3588BDD6-F846-4C60-A6B4-A6A15F3FD4FA}.Debug|x86.ActiveCfg = Debug|x86
		{3588BDD6-F846-4C60-A6B4-A6A15F3FD4FA}.Debug|x86.Build.0 = Debug|x86
		{3588BDD6-F846-4C60-A6B4-A6A15F3FD4FA}.DefaultBuild|Any CPU.ActiveCfg = Debug|Any CPU
		{3588BDD6-F846-4C60-A6B4-A6A15F3FD4FA}.DefaultBuild|Any CPU.Build.0 = Debug|Any CPU
		{3588BDD6-F846-4C60-A6B4-A6A15F3FD4FA}.DefaultBuild|x64.ActiveCfg = Debug|x64
		{3588BDD6-F846-4C60-A6B4-A6A15F3FD4FA}.DefaultBuild|x64.Build.0 = Debug|x64
		{3588BDD6-F846-4C60-A6B4-A6A15F3FD4FA}.DefaultBuild|x86.ActiveCfg = Debug|x86
		{3588BDD6-F846-4C60-A6B4-A6A15F3FD4FA}.DefaultBuild|x86.Build.0 = Debug|x86
		{3588BDD6-F846-4C60-A6B4-A6A15F3FD4FA}.Release|Any CPU.ActiveCfg = Release|Any CPU
		{3588BDD6-F846-4C60-A6B4-A6A15F3FD4FA}.Release|Any CPU.Build.0 = Release|Any CPU
		{3588BDD6-F846-4C60-A6B4-A6A15F3FD4FA}.Release|x64.ActiveCfg = Release|Any CPU
		{3588BDD6-F846-4C60-A6B4-A6A15F3FD4FA}.Release|x64.Build.0 = Release|Any CPU
		{3588BDD6-F846-4C60-A6B4-A6A15F3FD4FA}.Release|x86.ActiveCfg = Release|x86
		{3588BDD6-F846-4C60-A6B4-A6A15F3FD4FA}.Release|x86.Build.0 = Release|x86
		{9465CA04-9259-46C1-B6B0-0138F1E89B9D}.Debug|Any CPU.ActiveCfg = Debug
		{9465CA04-9259-46C1-B6B0-0138F1E89B9D}.Debug|x64.ActiveCfg = Debug
		{9465CA04-9259-46C1-B6B0-0138F1E89B9D}.Debug|x64.Build.0 = Debug
		{9465CA04-9259-46C1-B6B0-0138F1E89B9D}.Debug|x86.ActiveCfg = Debug
		{9465CA04-9259-46C1-B6B0-0138F1E89B9D}.Debug|x86.Build.0 = Debug
		{9465CA04-9259-46C1-B6B0-0138F1E89B9D}.DefaultBuild|Any CPU.ActiveCfg = Debug
		{9465CA04-9259-46C1-B6B0-0138F1E89B9D}.DefaultBuild|x64.ActiveCfg = Debug
		{9465CA04-9259-46C1-B6B0-0138F1E89B9D}.DefaultBuild|x64.Build.0 = Debug
		{9465CA04-9259-46C1-B6B0-0138F1E89B9D}.DefaultBuild|x86.ActiveCfg = Debug
		{9465CA04-9259-46C1-B6B0-0138F1E89B9D}.DefaultBuild|x86.Build.0 = Debug
		{9465CA04-9259-46C1-B6B0-0138F1E89B9D}.Release|Any CPU.ActiveCfg = Release
		{9465CA04-9259-46C1-B6B0-0138F1E89B9D}.Release|Any CPU.Build.0 = Release
		{9465CA04-9259-46C1-B6B0-0138F1E89B9D}.Release|x64.ActiveCfg = Release
		{9465CA04-9259-46C1-B6B0-0138F1E89B9D}.Release|x64.Build.0 = Release
		{9465CA04-9259-46C1-B6B0-0138F1E89B9D}.Release|x86.ActiveCfg = Release
		{9465CA04-9259-46C1-B6B0-0138F1E89B9D}.Release|x86.Build.0 = Release
	EndGlobalSection
	GlobalSection(SolutionProperties) = preSolution
		HideSolutionNode = FALSE
	EndGlobalSection
	GlobalSection(ExtensibilityGlobals) = postSolution
		SolutionGuid = {B1F71FB4-5825-4BB9-B87F-682D31678CFB}
	EndGlobalSection
EndGlobal
